
Microsoft Visual Studio Solution File, Format Version 12.00
# Visual Studio Version 17
VisualStudioVersion = 17.5.33530.505
MinimumVisualStudioVersion = 10.0.40219.1
Project("{8BC9CEB8-8B4A-11D0-8D11-00A0C91BC942}") = "homework0106", "homework0106\homework0106.vcxproj", "{64562236-949B-4999-ADB4-071F2BE3716B}"
EndProject
Global
	GlobalSection(SolutionConfigurationPlatforms) = preSolution
		Debug|x64 = Debug|x64
		Debug|x86 = Debug|x86
		Release|x64 = Release|x64
		Release|x86 = Release|x86
	EndGlobalSection
	GlobalSection(ProjectConfigurationPlatforms) = postSolution
		{64562236-949B-4999-ADB4-071F2BE3716B}.Debug|x64.ActiveCfg = Debug|x64
		{64562236-949B-4999-ADB4-071F2BE3716B}.Debug|x64.Build.0 = Debug|x64
		{64562236-949B-4999-ADB4-071F2BE3716B}.Debug|x86.ActiveCfg = Debug|Win32
		{64562236-949B-4999-ADB4-071F2BE3716B}.Debug|x86.Build.0 = Debug|Win32
		{64562236-949B-4999-ADB4-071F2BE3716B}.Release|x64.ActiveCfg = Release|x64
		{64562236-949B-4999-ADB4-071F2BE3716B}.Release|x64.Build.0 = Release|x64
		{64562236-949B-4999-ADB4-071F2BE3716B}.Release|x86.ActiveCfg = Release|Win32
		{64562236-949B-4999-ADB4-071F2BE3716B}.Release|x86.Build.0 = Release|Win32
	EndGlobalSection
	GlobalSection(SolutionProperties) = preSolution
		HideSolutionNode = FALSE
	EndGlobalSection
	GlobalSection(ExtensibilityGlobals) = postSolution
		SolutionGuid = {F9DA736A-4610-44C4-8F4E-A3EA3789B506}
	EndGlobalSection
EndGlobal
